
Microsoft Visual Studio Solution File, Format Version 12.00
# Visual Studio Version 17
VisualStudioVersion = 17.10.35004.147
MinimumVisualStudioVersion = 10.0.40219.1
Project("{2150E333-8FDC-42A3-9474-1A3956D46DE8}") = "Src", "Src", "{6630B190-4F81-4C64-B757-624BC68637CA}"
EndProject
Project("{2150E333-8FDC-42A3-9474-1A3956D46DE8}") = "Apis", "Apis", "{3C186CB9-84A8-48E1-AEB0-32C4ED4FCEF1}"
EndProject
Project("{2150E333-8FDC-42A3-9474-1A3956D46DE8}") = "Core", "Core", "{025A5CB2-8290-42BF-AA16-A05999509909}"
EndProject
Project("{2150E333-8FDC-42A3-9474-1A3956D46DE8}") = "Infrastructure", "Infrastructure", "{C8B195A8-EFF0-40A5-819B-403AB9FAAF4D}"
EndProject
Project("{2150E333-8FDC-42A3-9474-1A3956D46DE8}") = "Shared", "Shared", "{4999E7E3-7DAF-4AC8-912F-B7574332B089}"
EndProject
Project("{FAE04EC0-301F-11D3-BF4B-00C04F79EFBC}") = "CarCare.Apis", "CarCare.Apis\CarCare.Apis.csproj", "{805A0A90-7A9D-4967-A4A8-1FE041CE1F6A}"
EndProject
Project("{FAE04EC0-301F-11D3-BF4B-00C04F79EFBC}") = "CarCare.Apis.Controllers", "CarCare.Apis.Controllers\CarCare.Apis.Controllers.csproj", "{16A1DE42-FBF1-4CDE-9A9E-BFA0E639C808}"
EndProject
Project("{FAE04EC0-301F-11D3-BF4B-00C04F79EFBC}") = "CarCare.Core.Application", "CarCare.Application\CarCare.Core.Application.csproj", "{A1A3BB4D-F17A-4361-A9A9-F789F2238896}"
EndProject
Project("{FAE04EC0-301F-11D3-BF4B-00C04F79EFBC}") = "CareCare.Core.Application.Abstraction", "CareCare.Application.Abstraction\CareCare.Core.Application.Abstraction.csproj", "{C7207F7D-3B70-4E2F-9E26-4F28165712CA}"
EndProject
Project("{FAE04EC0-301F-11D3-BF4B-00C04F79EFBC}") = "CarCare.Core.Domain", "CarCare.Core.Domain\CarCare.Core.Domain.csproj", "{44BCF63E-B653-476A-AF1A-0FD2FA2981F2}"
EndProject
Project("{FAE04EC0-301F-11D3-BF4B-00C04F79EFBC}") = "CarCare.Infrastructure", "CarCare.Infrastructure\CarCare.Infrastructure.csproj", "{42A542B3-38AC-4376-9DAC-157EBD019700}"
EndProject
Project("{FAE04EC0-301F-11D3-BF4B-00C04F79EFBC}") = "CarCare.Infrastructure.Persistence", "CarCare.Infrastructure.Persistence\CarCare.Infrastructure.Persistence.csproj", "{47BB0F49-FADF-41D6-9588-9BAC5A39CAC6}"
EndProject
Project("{FAE04EC0-301F-11D3-BF4B-00C04F79EFBC}") = "CarCare.Shared", "CarCare.Shared\CarCare.Shared.csproj", "{7F804974-AEEE-4CFA-AB51-AF21AB77A50B}"
EndProject
Global
	GlobalSection(SolutionConfigurationPlatforms) = preSolution
		Debug|Any CPU = Debug|Any CPU
		Release|Any CPU = Release|Any CPU
	EndGlobalSection
	GlobalSection(ProjectConfigurationPlatforms) = postSolution
		{805A0A90-7A9D-4967-A4A8-1FE041CE1F6A}.Debug|Any CPU.ActiveCfg = Debug|Any CPU
		{805A0A90-7A9D-4967-A4A8-1FE041CE1F6A}.Debug|Any CPU.Build.0 = Debug|Any CPU
		{805A0A90-7A9D-4967-A4A8-1FE041CE1F6A}.Release|Any CPU.ActiveCfg = Release|Any CPU
		{805A0A90-7A9D-4967-A4A8-1FE041CE1F6A}.Release|Any CPU.Build.0 = Release|Any CPU
		{16A1DE42-FBF1-4CDE-9A9E-BFA0E639C808}.Debug|Any CPU.ActiveCfg = Debug|Any CPU
		{16A1DE42-FBF1-4CDE-9A9E-BFA0E639C808}.Debug|Any CPU.Build.0 = Debug|Any CPU
		{16A1DE42-FBF1-4CDE-9A9E-BFA0E639C808}.Release|Any CPU.ActiveCfg = Release|Any CPU
		{16A1DE42-FBF1-4CDE-9A9E-BFA0E639C808}.Release|Any CPU.Build.0 = Release|Any CPU
		{A1A3BB4D-F17A-4361-A9A9-F789F2238896}.Debug|Any CPU.ActiveCfg = Debug|Any CPU
		{A1A3BB4D-F17A-4361-A9A9-F789F2238896}.Debug|Any CPU.Build.0 = Debug|Any CPU
		{A1A3BB4D-F17A-4361-A9A9-F789F2238896}.Release|Any CPU.ActiveCfg = Release|Any CPU
		{A1A3BB4D-F17A-4361-A9A9-F789F2238896}.Release|Any CPU.Build.0 = Release|Any CPU
		{C7207F7D-3B70-4E2F-9E26-4F28165712CA}.Debug|Any CPU.ActiveCfg = Debug|Any CPU
		{C7207F7D-3B70-4E2F-9E26-4F28165712CA}.Debug|Any CPU.Build.0 = Debug|Any CPU
		{C7207F7D-3B70-4E2F-9E26-4F28165712CA}.Release|Any CPU.ActiveCfg = Release|Any CPU
		{C7207F7D-3B70-4E2F-9E26-4F28165712CA}.Release|Any CPU.Build.0 = Release|Any CPU
		{44BCF63E-B653-476A-AF1A-0FD2FA2981F2}.Debug|Any CPU.ActiveCfg = Debug|Any CPU
		{44BCF63E-B653-476A-AF1A-0FD2FA2981F2}.Debug|Any CPU.Build.0 = Debug|Any CPU
		{44BCF63E-B653-476A-AF1A-0FD2FA2981F2}.Release|Any CPU.ActiveCfg = Release|Any CPU
		{44BCF63E-B653-476A-AF1A-0FD2FA2981F2}.Release|Any CPU.Build.0 = Release|Any CPU
		{42A542B3-38AC-4376-9DAC-157EBD019700}.Debug|Any CPU.ActiveCfg = Debug|Any CPU
		{42A542B3-38AC-4376-9DAC-157EBD019700}.Debug|Any CPU.Build.0 = Debug|Any CPU
		{42A542B3-38AC-4376-9DAC-157EBD019700}.Release|Any CPU.ActiveCfg = Release|Any CPU
		{42A542B3-38AC-4376-9DAC-157EBD019700}.Release|Any CPU.Build.0 = Release|Any CPU
		{47BB0F49-FADF-41D6-9588-9BAC5A39CAC6}.Debug|Any CPU.ActiveCfg = Debug|Any CPU
		{47BB0F49-FADF-41D6-9588-9BAC5A39CAC6}.Debug|Any CPU.Build.0 = Debug|Any CPU
		{47BB0F49-FADF-41D6-9588-9BAC5A39CAC6}.Release|Any CPU.ActiveCfg = Release|Any CPU
		{47BB0F49-FADF-41D6-9588-9BAC5A39CAC6}.Release|Any CPU.Build.0 = Release|Any CPU
		{7F804974-AEEE-4CFA-AB51-AF21AB77A50B}.Debug|Any CPU.ActiveCfg = Debug|Any CPU
		{7F804974-AEEE-4CFA-AB51-AF21AB77A50B}.Debug|Any CPU.Build.0 = Debug|Any CPU
		{7F804974-AEEE-4CFA-AB51-AF21AB77A50B}.Release|Any CPU.ActiveCfg = Release|Any CPU
		{7F804974-AEEE-4CFA-AB51-AF21AB77A50B}.Release|Any CPU.Build.0 = Release|Any CPU
	EndGlobalSection
	GlobalSection(SolutionProperties) = preSolution
		HideSolutionNode = FALSE
	EndGlobalSection
	GlobalSection(NestedProjects) = preSolution
		{3C186CB9-84A8-48E1-AEB0-32C4ED4FCEF1} = {6630B190-4F81-4C64-B757-624BC68637CA}
		{025A5CB2-8290-42BF-AA16-A05999509909} = {6630B190-4F81-4C64-B757-624BC68637CA}
		{C8B195A8-EFF0-40A5-819B-403AB9FAAF4D} = {6630B190-4F81-4C64-B757-624BC68637CA}
		{4999E7E3-7DAF-4AC8-912F-B7574332B089} = {6630B190-4F81-4C64-B757-624BC68637CA}
		{805A0A90-7A9D-4967-A4A8-1FE041CE1F6A} = {3C186CB9-84A8-48E1-AEB0-32C4ED4FCEF1}
		{16A1DE42-FBF1-4CDE-9A9E-BFA0E639C808} = {3C186CB9-84A8-48E1-AEB0-32C4ED4FCEF1}
		{A1A3BB4D-F17A-4361-A9A9-F789F2238896} = {025A5CB2-8290-42BF-AA16-A05999509909}
		{C7207F7D-3B70-4E2F-9E26-4F28165712CA} = {025A5CB2-8290-42BF-AA16-A05999509909}
		{44BCF63E-B653-476A-AF1A-0FD2FA2981F2} = {025A5CB2-8290-42BF-AA16-A05999509909}
		{42A542B3-38AC-4376-9DAC-157EBD019700} = {C8B195A8-EFF0-40A5-819B-403AB9FAAF4D}
		{47BB0F49-FADF-41D6-9588-9BAC5A39CAC6} = {C8B195A8-EFF0-40A5-819B-403AB9FAAF4D}
		{7F804974-AEEE-4CFA-AB51-AF21AB77A50B} = {4999E7E3-7DAF-4AC8-912F-B7574332B089}
	EndGlobalSection
	GlobalSection(ExtensibilityGlobals) = postSolution
		SolutionGuid = {CDDFD5FF-8B00-48BB-BB4B-E76AE9CE3655}
	EndGlobalSection
EndGlobal
